
Microsoft Visual Studio Solution File, Format Version 12.00
# Visual Studio 2013
VisualStudioVersion = 12.0.31101.0
MinimumVisualStudioVersion = 10.0.40219.1
Project("{FAE04EC0-301F-11D3-BF4B-00C04F79EFBC}") = "NTextCat.NancyHandler", "NTextCat.NancyHandler\NTextCat.NancyHandler.csproj", "{AEBCA4A6-8AEA-45BC-9F9B-D6E0A8F7A671}"
EndProject
Project("{FAE04EC0-301F-11D3-BF4B-00C04F79EFBC}") = "NTextCat.NancyHandlerTests", "NTextCat.NancyHandlerTests\NTextCat.NancyHandlerTests.csproj", "{B7B8AE68-8B86-410C-8358-E9FDA4B35A17}"
EndProject
Project("{FAE04EC0-301F-11D3-BF4B-00C04F79EFBC}") = "ConsoleHost", "ConsoleHost\ConsoleHost.csproj", "{ED21932F-C23B-47DA-99AF-106D739E830A}"
EndProject
Project("{2150E333-8FDC-42A3-9474-1A3956D46DE8}") = ".nuget", ".nuget", "{219E61E9-BB92-4FC0-B52D-40763855C3C1}"
	ProjectSection(SolutionItems) = preProject
		.nuget\install.ps1 = .nuget\install.ps1
		.nuget\NTextCat.Http.Package.nuspec = .nuget\NTextCat.Http.Package.nuspec
		.nuget\NuGet.Config = .nuget\NuGet.Config
		.nuget\NuGet.exe = .nuget\NuGet.exe
		.nuget\NuGet.targets = .nuget\NuGet.targets
		.nuget\pack.ps1 = .nuget\pack.ps1
	EndProjectSection
EndProject
Project("{2150E333-8FDC-42A3-9474-1A3956D46DE8}") = "Solution Items", "Solution Items", "{B71607C9-3C26-48EF-8439-12742811D780}"
	ProjectSection(SolutionItems) = preProject
		..\..\appveyor.yml = ..\..\appveyor.yml
	EndProjectSection
EndProject
Project("{2150E333-8FDC-42A3-9474-1A3956D46DE8}") = "ConfigTransforms", "ConfigTransforms", "{8B57B98C-2181-4891-8B11-67A054E87FF0}"
	ProjectSection(SolutionItems) = preProject
		.nuget\ConfigTransforms\app.config.install.xdt = .nuget\ConfigTransforms\app.config.install.xdt
		.nuget\ConfigTransforms\app.config.uninstall.xdt = .nuget\ConfigTransforms\app.config.uninstall.xdt
		.nuget\ConfigTransforms\web.config.install.xdt = .nuget\ConfigTransforms\web.config.install.xdt
		.nuget\ConfigTransforms\web.config.uninstall.xdt = .nuget\ConfigTransforms\web.config.uninstall.xdt
	EndProjectSection
EndProject
Global
	GlobalSection(SolutionConfigurationPlatforms) = preSolution
		Debug|Any CPU = Debug|Any CPU
		Release|Any CPU = Release|Any CPU
	EndGlobalSection
	GlobalSection(ProjectConfigurationPlatforms) = postSolution
		{AEBCA4A6-8AEA-45BC-9F9B-D6E0A8F7A671}.Debug|Any CPU.ActiveCfg = Debug|Any CPU
		{AEBCA4A6-8AEA-45BC-9F9B-D6E0A8F7A671}.Debug|Any CPU.Build.0 = Debug|Any CPU
		{AEBCA4A6-8AEA-45BC-9F9B-D6E0A8F7A671}.Release|Any CPU.ActiveCfg = Release|Any CPU
		{AEBCA4A6-8AEA-45BC-9F9B-D6E0A8F7A671}.Release|Any CPU.Build.0 = Release|Any CPU
		{B7B8AE68-8B86-410C-8358-E9FDA4B35A17}.Debug|Any CPU.ActiveCfg = Debug|Any CPU
		{B7B8AE68-8B86-410C-8358-E9FDA4B35A17}.Debug|Any CPU.Build.0 = Debug|Any CPU
		{B7B8AE68-8B86-410C-8358-E9FDA4B35A17}.Release|Any CPU.ActiveCfg = Release|Any CPU
		{B7B8AE68-8B86-410C-8358-E9FDA4B35A17}.Release|Any CPU.Build.0 = Release|Any CPU
		{ED21932F-C23B-47DA-99AF-106D739E830A}.Debug|Any CPU.ActiveCfg = Debug|Any CPU
		{ED21932F-C23B-47DA-99AF-106D739E830A}.Debug|Any CPU.Build.0 = Debug|Any CPU
		{ED21932F-C23B-47DA-99AF-106D739E830A}.Release|Any CPU.ActiveCfg = Release|Any CPU
		{ED21932F-C23B-47DA-99AF-106D739E830A}.Release|Any CPU.Build.0 = Release|Any CPU
	EndGlobalSection
	GlobalSection(SolutionProperties) = preSolution
		HideSolutionNode = FALSE
	EndGlobalSection
	GlobalSection(NestedProjects) = preSolution
		{8B57B98C-2181-4891-8B11-67A054E87FF0} = {219E61E9-BB92-4FC0-B52D-40763855C3C1}
	EndGlobalSection
EndGlobal
