
Microsoft Visual Studio Solution File, Format Version 12.00
# Visual Studio 2013
VisualStudioVersion = 12.0.31101.0
MinimumVisualStudioVersion = 10.0.40219.1
Project("{FAE04EC0-301F-11D3-BF4B-00C04F79EFBC}") = "NTextCat.NancyHandler", "NTextCat.NancyHandler\NTextCat.NancyHandler.csproj", "{AEBCA4A6-8AEA-45BC-9F9B-D6E0A8F7A671}"
EndProject
Project("{FAE04EC0-301F-11D3-BF4B-00C04F79EFBC}") = "NTextCat.NancyHandlerTests", "NTextCat.NancyHandlerTests\NTextCat.NancyHandlerTests.csproj", "{B7B8AE68-8B86-410C-8358-E9FDA4B35A17}"
EndProject
Project("{FAE04EC0-301F-11D3-BF4B-00C04F79EFBC}") = "ConsoleHost", "ConsoleHost\ConsoleHost.csproj", "{ED21932F-C23B-47DA-99AF-106D739E830A}"
EndProject
Project("{E09DD79A-4488-4AB9-8D3F-A7EEE78BF432}") = "NTextCat.Http.Package", "NTextCat.Http.Package\NTextCat.Http.Package.nuproj", "{8EF4AB14-C732-4A19-9BF6-0766F4856FFC}"
EndProject
Project("{2150E333-8FDC-42A3-9474-1A3956D46DE8}") = ".nuget", ".nuget", "{219E61E9-BB92-4FC0-B52D-40763855C3C1}"
	ProjectSection(SolutionItems) = preProject
		.nuget\NuGet.Config = .nuget\NuGet.Config
		.nuget\NuGet.exe = .nuget\NuGet.exe
		.nuget\NuGet.targets = .nuget\NuGet.targets
	EndProjectSection
EndProject
Global
	GlobalSection(SolutionConfigurationPlatforms) = preSolution
		Debug|Any CPU = Debug|Any CPU
		Release|Any CPU = Release|Any CPU
	EndGlobalSection
	GlobalSection(ProjectConfigurationPlatforms) = postSolution
		{AEBCA4A6-8AEA-45BC-9F9B-D6E0A8F7A671}.Debug|Any CPU.ActiveCfg = Debug|Any CPU
		{AEBCA4A6-8AEA-45BC-9F9B-D6E0A8F7A671}.Debug|Any CPU.Build.0 = Debug|Any CPU
		{AEBCA4A6-8AEA-45BC-9F9B-D6E0A8F7A671}.Release|Any CPU.ActiveCfg = Release|Any CPU
		{AEBCA4A6-8AEA-45BC-9F9B-D6E0A8F7A671}.Release|Any CPU.Build.0 = Release|Any CPU
		{B7B8AE68-8B86-410C-8358-E9FDA4B35A17}.Debug|Any CPU.ActiveCfg = Debug|Any CPU
		{B7B8AE68-8B86-410C-8358-E9FDA4B35A17}.Debug|Any CPU.Build.0 = Debug|Any CPU
		{B7B8AE68-8B86-410C-8358-E9FDA4B35A17}.Release|Any CPU.ActiveCfg = Release|Any CPU
		{B7B8AE68-8B86-410C-8358-E9FDA4B35A17}.Release|Any CPU.Build.0 = Release|Any CPU
		{ED21932F-C23B-47DA-99AF-106D739E830A}.Debug|Any CPU.ActiveCfg = Debug|Any CPU
		{ED21932F-C23B-47DA-99AF-106D739E830A}.Debug|Any CPU.Build.0 = Debug|Any CPU
		{ED21932F-C23B-47DA-99AF-106D739E830A}.Release|Any CPU.ActiveCfg = Release|Any CPU
		{ED21932F-C23B-47DA-99AF-106D739E830A}.Release|Any CPU.Build.0 = Release|Any CPU
		{8EF4AB14-C732-4A19-9BF6-0766F4856FFC}.Debug|Any CPU.ActiveCfg = Debug|Any CPU
		{8EF4AB14-C732-4A19-9BF6-0766F4856FFC}.Debug|Any CPU.Build.0 = Debug|Any CPU
		{8EF4AB14-C732-4A19-9BF6-0766F4856FFC}.Release|Any CPU.ActiveCfg = Release|Any CPU
		{8EF4AB14-C732-4A19-9BF6-0766F4856FFC}.Release|Any CPU.Build.0 = Release|Any CPU
	EndGlobalSection
	GlobalSection(SolutionProperties) = preSolution
		HideSolutionNode = FALSE
	EndGlobalSection
EndGlobal
